Microsoft Visual Studio Solution File, Format Version 12.00
# Visual Studio Version 17
VisualStudioVersion = 17.5.2.0
MinimumVisualStudioVersion = 10.0.40219.1
Project("{FAE04EC0-301F-11D3-BF4B-00C04F79EFBC}") = "TheSiliconPost", "TheSiliconPost.csproj", "{097491A1-D70D-3765-DB28-7D0096938F6F}"
EndProject
Global
	GlobalSection(SolutionConfigurationPlatforms) = preSolution
		Debug|Any CPU = Debug|Any CPU
		Release|Any CPU = Release|Any CPU
	EndGlobalSection
	GlobalSection(ProjectConfigurationPlatforms) = postSolution
		{097491A1-D70D-3765-DB28-7D0096938F6F}.Debug|Any CPU.ActiveCfg = Debug|Any CPU
		{097491A1-D70D-3765-DB28-7D0096938F6F}.Debug|Any CPU.Build.0 = Debug|Any CPU
		{097491A1-D70D-3765-DB28-7D0096938F6F}.Release|Any CPU.ActiveCfg = Release|Any CPU
		{097491A1-D70D-3765-DB28-7D0096938F6F}.Release|Any CPU.Build.0 = Release|Any CPU
	EndGlobalSection
	GlobalSection(SolutionProperties) = preSolution
		HideSolutionNode = FALSE
	EndGlobalSection
	GlobalSection(ExtensibilityGlobals) = postSolution
		SolutionGuid = {43887110-B113-4D52-BF01-7C0D82F1F27E}
	EndGlobalSection
EndGlobal
